
Microsoft Visual Studio Solution File, Format Version 12.00
# Visual Studio Version 17
VisualStudioVersion = 17.9.34728.123
MinimumVisualStudioVersion = 10.0.40219.1
Project("{2150E333-8FDC-42A3-9474-1A3956D46DE8}") = "1.SERVER", "1.SERVER", "{9691541A-5338-4A03-B235-FFDEC3B3C1FF}"
EndProject
Project("{2150E333-8FDC-42A3-9474-1A3956D46DE8}") = "2.Services", "2.Services", "{71ABCFBD-2D13-41D2-A288-5B6B406C3C3B}"
EndProject
Project("{2150E333-8FDC-42A3-9474-1A3956D46DE8}") = "3.REPOSITORY", "3.REPOSITORY", "{764E208B-E22C-49BF-A0B3-9492AB64C892}"
EndProject
Project("{2150E333-8FDC-42A3-9474-1A3956D46DE8}") = "4.CORE", "4.CORE", "{12CE3619-4469-4C83-B47E-E32520DAF33D}"
EndProject
Project("{9A19103F-16F7-4668-BE54-9A1E7A4F7556}") = "FastFood.API", "FastFood.API\FastFood.API.csproj", "{6598472C-F1C0-4AC8-B06B-660261D4A0C3}"
EndProject
Project("{9A19103F-16F7-4668-BE54-9A1E7A4F7556}") = "FastFood.Services", "FastFood.Services\FastFood.Services.csproj", "{F16B024D-4BEA-4A1F-B437-1D0B3692D658}"
EndProject
Project("{9A19103F-16F7-4668-BE54-9A1E7A4F7556}") = "FastFood.Core", "FastFood.Core\FastFood.Core.csproj", "{14678F10-DFE7-4F7C-B2EB-52CE4D0E68A1}"
EndProject
Project("{9A19103F-16F7-4668-BE54-9A1E7A4F7556}") = "FastFood.Repositories", "FastFood.Repositories\FastFood.Repositories.csproj", "{B022B03D-6BFA-470D-AAE1-1F0E1679954A}"
EndProject
Project("{9A19103F-16F7-4668-BE54-9A1E7A4F7556}") = "FastFood.Contract.Repositories", "FastFood.Contract.Repositories\FastFood.Contract.Repositories.csproj", "{9ECF2036-73F6-4380-9466-DD79362373F7}"
EndProject
Project("{9A19103F-16F7-4668-BE54-9A1E7A4F7556}") = "FastFood.ModelViews", "FastFood.ModelViews\FastFood.ModelViews.csproj", "{6F43F6E1-A315-48F1-B8B0-E40616A0B219}"
EndProject
Project("{9A19103F-16F7-4668-BE54-9A1E7A4F7556}") = "FastFood.Contract.Services", "FastFood.Contract.Services\FastFood.Contract.Services.csproj", "{1BFB7A5F-2079-4671-A474-72D6628D35BB}"
EndProject
Project("{FAE04EC0-301F-11D3-BF4B-00C04F79EFBC}") = "FastFood.Client", "FastFood.Client\FastFood.Client.csproj", "{99D4098F-E72C-418F-8CDB-52A8849E9A22}"
EndProject
Project("{FAE04EC0-301F-11D3-BF4B-00C04F79EFBC}") = "FastFood.Admin", "FastFood.Admin\FastFood.Admin.csproj", "{2ED86A94-E23A-4021-9E0B-EA9CAF9F814D}"
EndProject
Global
	GlobalSection(SolutionConfigurationPlatforms) = preSolution
		Debug|Any CPU = Debug|Any CPU
		Release|Any CPU = Release|Any CPU
	EndGlobalSection
	GlobalSection(ProjectConfigurationPlatforms) = postSolution
		{6598472C-F1C0-4AC8-B06B-660261D4A0C3}.Debug|Any CPU.ActiveCfg = Debug|Any CPU
		{6598472C-F1C0-4AC8-B06B-660261D4A0C3}.Debug|Any CPU.Build.0 = Debug|Any CPU
		{6598472C-F1C0-4AC8-B06B-660261D4A0C3}.Release|Any CPU.ActiveCfg = Release|Any CPU
		{6598472C-F1C0-4AC8-B06B-660261D4A0C3}.Release|Any CPU.Build.0 = Release|Any CPU
		{F16B024D-4BEA-4A1F-B437-1D0B3692D658}.Debug|Any CPU.ActiveCfg = Debug|Any CPU
		{F16B024D-4BEA-4A1F-B437-1D0B3692D658}.Debug|Any CPU.Build.0 = Debug|Any CPU
		{F16B024D-4BEA-4A1F-B437-1D0B3692D658}.Release|Any CPU.ActiveCfg = Release|Any CPU
		{F16B024D-4BEA-4A1F-B437-1D0B3692D658}.Release|Any CPU.Build.0 = Release|Any CPU
		{14678F10-DFE7-4F7C-B2EB-52CE4D0E68A1}.Debug|Any CPU.ActiveCfg = Debug|Any CPU
		{14678F10-DFE7-4F7C-B2EB-52CE4D0E68A1}.Debug|Any CPU.Build.0 = Debug|Any CPU
		{14678F10-DFE7-4F7C-B2EB-52CE4D0E68A1}.Release|Any CPU.ActiveCfg = Release|Any CPU
		{14678F10-DFE7-4F7C-B2EB-52CE4D0E68A1}.Release|Any CPU.Build.0 = Release|Any CPU
		{B022B03D-6BFA-470D-AAE1-1F0E1679954A}.Debug|Any CPU.ActiveCfg = Debug|Any CPU
		{B022B03D-6BFA-470D-AAE1-1F0E1679954A}.Debug|Any CPU.Build.0 = Debug|Any CPU
		{B022B03D-6BFA-470D-AAE1-1F0E1679954A}.Release|Any CPU.ActiveCfg = Release|Any CPU
		{B022B03D-6BFA-470D-AAE1-1F0E1679954A}.Release|Any CPU.Build.0 = Release|Any CPU
		{9ECF2036-73F6-4380-9466-DD79362373F7}.Debug|Any CPU.ActiveCfg = Debug|Any CPU
		{9ECF2036-73F6-4380-9466-DD79362373F7}.Debug|Any CPU.Build.0 = Debug|Any CPU
		{9ECF2036-73F6-4380-9466-DD79362373F7}.Release|Any CPU.ActiveCfg = Release|Any CPU
		{9ECF2036-73F6-4380-9466-DD79362373F7}.Release|Any CPU.Build.0 = Release|Any CPU
		{6F43F6E1-A315-48F1-B8B0-E40616A0B219}.Debug|Any CPU.ActiveCfg = Debug|Any CPU
		{6F43F6E1-A315-48F1-B8B0-E40616A0B219}.Debug|Any CPU.Build.0 = Debug|Any CPU
		{6F43F6E1-A315-48F1-B8B0-E40616A0B219}.Release|Any CPU.ActiveCfg = Release|Any CPU
		{6F43F6E1-A315-48F1-B8B0-E40616A0B219}.Release|Any CPU.Build.0 = Release|Any CPU
		{1BFB7A5F-2079-4671-A474-72D6628D35BB}.Debug|Any CPU.ActiveCfg = Debug|Any CPU
		{1BFB7A5F-2079-4671-A474-72D6628D35BB}.Debug|Any CPU.Build.0 = Debug|Any CPU
		{1BFB7A5F-2079-4671-A474-72D6628D35BB}.Release|Any CPU.ActiveCfg = Release|Any CPU
		{1BFB7A5F-2079-4671-A474-72D6628D35BB}.Release|Any CPU.Build.0 = Release|Any CPU
		{99D4098F-E72C-418F-8CDB-52A8849E9A22}.Debug|Any CPU.ActiveCfg = Debug|Any CPU
		{99D4098F-E72C-418F-8CDB-52A8849E9A22}.Debug|Any CPU.Build.0 = Debug|Any CPU
		{99D4098F-E72C-418F-8CDB-52A8849E9A22}.Release|Any CPU.ActiveCfg = Release|Any CPU
		{99D4098F-E72C-418F-8CDB-52A8849E9A22}.Release|Any CPU.Build.0 = Release|Any CPU
		{2ED86A94-E23A-4021-9E0B-EA9CAF9F814D}.Debug|Any CPU.ActiveCfg = Debug|Any CPU
		{2ED86A94-E23A-4021-9E0B-EA9CAF9F814D}.Debug|Any CPU.Build.0 = Debug|Any CPU
		{2ED86A94-E23A-4021-9E0B-EA9CAF9F814D}.Release|Any CPU.ActiveCfg = Release|Any CPU
		{2ED86A94-E23A-4021-9E0B-EA9CAF9F814D}.Release|Any CPU.Build.0 = Release|Any CPU
	EndGlobalSection
	GlobalSection(SolutionProperties) = preSolution
		HideSolutionNode = FALSE
	EndGlobalSection
	GlobalSection(NestedProjects) = preSolution
		{6598472C-F1C0-4AC8-B06B-660261D4A0C3} = {9691541A-5338-4A03-B235-FFDEC3B3C1FF}
		{F16B024D-4BEA-4A1F-B437-1D0B3692D658} = {71ABCFBD-2D13-41D2-A288-5B6B406C3C3B}
		{14678F10-DFE7-4F7C-B2EB-52CE4D0E68A1} = {12CE3619-4469-4C83-B47E-E32520DAF33D}
		{B022B03D-6BFA-470D-AAE1-1F0E1679954A} = {764E208B-E22C-49BF-A0B3-9492AB64C892}
		{9ECF2036-73F6-4380-9466-DD79362373F7} = {764E208B-E22C-49BF-A0B3-9492AB64C892}
		{6F43F6E1-A315-48F1-B8B0-E40616A0B219} = {764E208B-E22C-49BF-A0B3-9492AB64C892}
		{1BFB7A5F-2079-4671-A474-72D6628D35BB} = {71ABCFBD-2D13-41D2-A288-5B6B406C3C3B}
		{99D4098F-E72C-418F-8CDB-52A8849E9A22} = {9691541A-5338-4A03-B235-FFDEC3B3C1FF}
		{2ED86A94-E23A-4021-9E0B-EA9CAF9F814D} = {9691541A-5338-4A03-B235-FFDEC3B3C1FF}
	EndGlobalSection
	GlobalSection(ExtensibilityGlobals) = postSolution
		SolutionGuid = {44AD9DDA-1356-49FA-80E2-2BD31FFBCBA5}
	EndGlobalSection
EndGlobal
