
Microsoft Visual Studio Solution File, Format Version 12.00
# Visual Studio 2013
VisualStudioVersion = 12.0.40629.0
MinimumVisualStudioVersion = 10.0.40219.1
Project("{FAE04EC0-301F-11D3-BF4B-00C04F79EFBC}") = "GUI", "GUI\GUI.csproj", "{10DD6C5B-CF5E-4172-9098-D1FC6E923E05}"
EndProject
Project("{FAE04EC0-301F-11D3-BF4B-00C04F79EFBC}") = "DAL", "DAL\DAL.csproj", "{14BF8C92-A830-47B4-B2BD-D1DA8A3BE7F2}"
EndProject
Project("{FAE04EC0-301F-11D3-BF4B-00C04F79EFBC}") = "BLL", "BLL\BLL.csproj", "{DAD71D5D-BF7D-4E73-85EE-64962AD50202}"
EndProject
Project("{FAE04EC0-301F-11D3-BF4B-00C04F79EFBC}") = "DTO", "DTO\DTO.csproj", "{56E0F30D-B173-48A5-BF5C-429B0A150B58}"
EndProject
Global
	GlobalSection(SolutionConfigurationPlatforms) = preSolution
		Debug|Any CPU = Debug|Any CPU
		Release|Any CPU = Release|Any CPU
	EndGlobalSection
	GlobalSection(ProjectConfigurationPlatforms) = postSolution
		{10DD6C5B-CF5E-4172-9098-D1FC6E923E05}.Debug|Any CPU.ActiveCfg = Debug|Any CPU
		{10DD6C5B-CF5E-4172-9098-D1FC6E923E05}.Debug|Any CPU.Build.0 = Debug|Any CPU
		{10DD6C5B-CF5E-4172-9098-D1FC6E923E05}.Release|Any CPU.ActiveCfg = Release|Any CPU
		{10DD6C5B-CF5E-4172-9098-D1FC6E923E05}.Release|Any CPU.Build.0 = Release|Any CPU
		{14BF8C92-A830-47B4-B2BD-D1DA8A3BE7F2}.Debug|Any CPU.ActiveCfg = Debug|Any CPU
		{14BF8C92-A830-47B4-B2BD-D1DA8A3BE7F2}.Debug|Any CPU.Build.0 = Debug|Any CPU
		{14BF8C92-A830-47B4-B2BD-D1DA8A3BE7F2}.Release|Any CPU.ActiveCfg = Release|Any CPU
		{14BF8C92-A830-47B4-B2BD-D1DA8A3BE7F2}.Release|Any CPU.Build.0 = Release|Any CPU
		{DAD71D5D-BF7D-4E73-85EE-64962AD50202}.Debug|Any CPU.ActiveCfg = Debug|Any CPU
		{DAD71D5D-BF7D-4E73-85EE-64962AD50202}.Debug|Any CPU.Build.0 = Debug|Any CPU
		{DAD71D5D-BF7D-4E73-85EE-64962AD50202}.Release|Any CPU.ActiveCfg = Release|Any CPU
		{DAD71D5D-BF7D-4E73-85EE-64962AD50202}.Release|Any CPU.Build.0 = Release|Any CPU
		{56E0F30D-B173-48A5-BF5C-429B0A150B58}.Debug|Any CPU.ActiveCfg = Debug|Any CPU
		{56E0F30D-B173-48A5-BF5C-429B0A150B58}.Debug|Any CPU.Build.0 = Debug|Any CPU
		{56E0F30D-B173-48A5-BF5C-429B0A150B58}.Release|Any CPU.ActiveCfg = Release|Any CPU
		{56E0F30D-B173-48A5-BF5C-429B0A150B58}.Release|Any CPU.Build.0 = Release|Any CPU
	EndGlobalSection
	GlobalSection(SolutionProperties) = preSolution
		HideSolutionNode = FALSE
	EndGlobalSection
EndGlobal
